
Microsoft Visual Studio Solution File, Format Version 12.00
# Visual Studio 15
VisualStudioVersion = 15.0.28010.2003
MinimumVisualStudioVersion = 10.0.40219.1
Project("{FAE04EC0-301F-11D3-BF4B-00C04F79EFBC}") = "TextExtractor", "TextExtractor\TextExtractor.csproj", "{2BBAFD57-1599-4601-937C-5B5C589F841E}"
EndProject
Global
	GlobalSection(SolutionConfigurationPlatforms) = preSolution
		Debug|Any CPU = Debug|Any CPU
		Release|Any CPU = Release|Any CPU
	EndGlobalSection
	GlobalSection(ProjectConfigurationPlatforms) = postSolution
		{2BBAFD57-1599-4601-937C-5B5C589F841E}.Debug|Any CPU.ActiveCfg = Debug|Any CPU
		{2BBAFD57-1599-4601-937C-5B5C589F841E}.Debug|Any CPU.Build.0 = Debug|Any CPU
		{2BBAFD57-1599-4601-937C-5B5C589F841E}.Release|Any CPU.ActiveCfg = Release|Any CPU
		{2BBAFD57-1599-4601-937C-5B5C589F841E}.Release|Any CPU.Build.0 = Release|Any CPU
	EndGlobalSection
	GlobalSection(SolutionProperties) = preSolution
		HideSolutionNode = FALSE
	EndGlobalSection
	GlobalSection(ExtensibilityGlobals) = postSolution
		SolutionGuid = {7E0AB0B8-3B6B-4773-BF35-1B18A9A13EB5}
	EndGlobalSection
EndGlobal
